
Microsoft Visual Studio Solution File, Format Version 12.00
# Visual Studio Version 16
VisualStudioVersion = 16.0.810.8
MinimumVisualStudioVersion = 10.0.40219.1
Project("{FAE04EC0-301F-11D3-BF4B-00C04F79EFBC}") = "TestSignalR", "TestSignalR\TestSignalR.csproj", "{78B820EE-8565-463F-A40A-3494CA45EF96}"
EndProject
Global
	GlobalSection(SolutionConfigurationPlatforms) = preSolution
		Debug|Any CPU = Debug|Any CPU
		Release|Any CPU = Release|Any CPU
	EndGlobalSection
	GlobalSection(ProjectConfigurationPlatforms) = postSolution
		{78B820EE-8565-463F-A40A-3494CA45EF96}.Debug|Any CPU.ActiveCfg = Debug|Any CPU
		{78B820EE-8565-463F-A40A-3494CA45EF96}.Debug|Any CPU.Build.0 = Debug|Any CPU
		{78B820EE-8565-463F-A40A-3494CA45EF96}.Release|Any CPU.ActiveCfg = Release|Any CPU
		{78B820EE-8565-463F-A40A-3494CA45EF96}.Release|Any CPU.Build.0 = Release|Any CPU
	EndGlobalSection
	GlobalSection(SolutionProperties) = preSolution
		HideSolutionNode = FALSE
	EndGlobalSection
	GlobalSection(ExtensibilityGlobals) = postSolution
		SolutionGuid = {6B72136E-C6D9-48D0-8104-A3C7AD1D90D2}
	EndGlobalSection
EndGlobal
