
Microsoft Visual Studio Solution File, Format Version 12.00
# Visual Studio Version 16
VisualStudioVersion = 16.0.810.6
MinimumVisualStudioVersion = 10.0.40219.1
Project("{FAE04EC0-301F-11D3-BF4B-00C04F79EFBC}") = "BatchOCRApp", "BatchOCRApp\BatchOCRApp.csproj", "{C012D3F9-3802-4A7F-B973-B0217671E56D}"
EndProject
Global
	GlobalSection(SolutionConfigurationPlatforms) = preSolution
		Debug|Any CPU = Debug|Any CPU
		Release|Any CPU = Release|Any CPU
	EndGlobalSection
	GlobalSection(ProjectConfigurationPlatforms) = postSolution
		{C012D3F9-3802-4A7F-B973-B0217671E56D}.Debug|Any CPU.ActiveCfg = Debug|Any CPU
		{C012D3F9-3802-4A7F-B973-B0217671E56D}.Debug|Any CPU.Build.0 = Debug|Any CPU
		{C012D3F9-3802-4A7F-B973-B0217671E56D}.Release|Any CPU.ActiveCfg = Release|Any CPU
		{C012D3F9-3802-4A7F-B973-B0217671E56D}.Release|Any CPU.Build.0 = Release|Any CPU
	EndGlobalSection
	GlobalSection(SolutionProperties) = preSolution
		HideSolutionNode = FALSE
	EndGlobalSection
	GlobalSection(ExtensibilityGlobals) = postSolution
		SolutionGuid = {7C327B42-F89D-4048-9B01-D126FBFC88AD}
	EndGlobalSection
EndGlobal
