
Microsoft Visual Studio Solution File, Format Version 12.00
# Visual Studio Version 16
VisualStudioVersion = 16.0.810.8
MinimumVisualStudioVersion = 10.0.40219.1
Project("{FAE04EC0-301F-11D3-BF4B-00C04F79EFBC}") = "EventProducerApp", "EventProducerApp\EventProducerApp.csproj", "{777DC72E-BCEC-4815-96F5-9D5E44AECB7E}"
EndProject
Global
	GlobalSection(SolutionConfigurationPlatforms) = preSolution
		Debug|Any CPU = Debug|Any CPU
		Release|Any CPU = Release|Any CPU
	EndGlobalSection
	GlobalSection(ProjectConfigurationPlatforms) = postSolution
		{777DC72E-BCEC-4815-96F5-9D5E44AECB7E}.Debug|Any CPU.ActiveCfg = Debug|Any CPU
		{777DC72E-BCEC-4815-96F5-9D5E44AECB7E}.Debug|Any CPU.Build.0 = Debug|Any CPU
		{777DC72E-BCEC-4815-96F5-9D5E44AECB7E}.Release|Any CPU.ActiveCfg = Release|Any CPU
		{777DC72E-BCEC-4815-96F5-9D5E44AECB7E}.Release|Any CPU.Build.0 = Release|Any CPU
	EndGlobalSection
	GlobalSection(SolutionProperties) = preSolution
		HideSolutionNode = FALSE
	EndGlobalSection
	GlobalSection(ExtensibilityGlobals) = postSolution
		SolutionGuid = {F254F6D6-1BD8-4C28-96C1-5C00AB9D4FFB}
	EndGlobalSection
EndGlobal
